// !$*UTF8*$!
{
	archiveVersion = 1;
	classes = {
	};
	objectVersion = 46;
	objects = {

/* Begin PBXBuildFile section */
		B592A8831AF990210014FC4C /* Foundation.framework in Frameworks */ = {isa = PBXBuildFile; fileRef = B592A8821AF990210014FC4C /* Foundation.framework */; };
		B592A8851AF990210014FC4C /* CoreGraphics.framework in Frameworks */ = {isa = PBXBuildFile; fileRef = B592A8841AF990210014FC4C /* CoreGraphics.framework */; };
		B592A8871AF990210014FC4C /* UIKit.framework in Frameworks */ = {isa = PBXBuildFile; fileRef = B592A8861AF990210014FC4C /* UIKit.framework */; };
		B592A8891AF990210014FC4C /* SpriteKit.framework in Frameworks */ = {isa = PBXBuildFile; fileRef = B592A8881AF990210014FC4C /* SpriteKit.framework */; };
		B592A88F1AF990210014FC4C /* InfoPlist.strings in Resources */ = {isa = PBXBuildFile; fileRef = B592A88D1AF990210014FC4C /* InfoPlist.strings */; };
		B592A8911AF990210014FC4C /* main.m in Sources */ = {isa = PBXBuildFile; fileRef = B592A8901AF990210014FC4C /* main.m */; };
		B592A8951AF990210014FC4C /* AppDelegate.m in Sources */ = {isa = PBXBuildFile; fileRef = B592A8941AF990210014FC4C /* AppDelegate.m */; };
		B592A8981AF990210014FC4C /* Main.storyboard in Resources */ = {isa = PBXBuildFile; fileRef = B592A8961AF990210014FC4C /* Main.storyboard */; };
		B592A89B1AF990210014FC4C /* ViewController.m in Sources */ = {isa = PBXBuildFile; fileRef = B592A89A1AF990210014FC4C /* ViewController.m */; };
		B592A89E1AF990210014FC4C /* MyScene.m in Sources */ = {isa = PBXBuildFile; fileRef = B592A89D1AF990210014FC4C /* MyScene.m */; };
		B592A8A01AF990210014FC4C /* Spaceship.png in Resources */ = {isa = PBXBuildFile; fileRef = B592A89F1AF990210014FC4C /* Spaceship.png */; };
		B592A8A21AF990210014FC4C /* Images.xcassets in Resources */ = {isa = PBXBuildFile; fileRef = B592A8A11AF990210014FC4C /* Images.xcassets */; };
		B592A8A91AF990210014FC4C /* XCTest.framework in Frameworks */ = {isa = PBXBuildFile; fileRef = B592A8A81AF990210014FC4C /* XCTest.framework */; };
		B592A8AA1AF990210014FC4C /* Foundation.framework in Frameworks */ = {isa = PBXBuildFile; fileRef = B592A8821AF990210014FC4C /* Foundation.framework */; };
		B592A8AB1AF990210014FC4C /* UIKit.framework in Frameworks */ = {isa = PBXBuildFile; fileRef = B592A8861AF990210014FC4C /* UIKit.framework */; };
		B592A8B31AF990210014FC4C /* InfoPlist.strings in Resources */ = {isa = PBXBuildFile; fileRef = B592A8B11AF990210014FC4C /* InfoPlist.strings */; };
		B592A8B51AF990210014FC4C /* Try_GoDownLayerTests.m in Sources */ = {isa = PBXBuildFile; fileRef = B592A8B41AF990210014FC4C /* Try_GoDownLayerTests.m */; };
/* End PBXBuildFile section */

/* Begin PBXContainerItemProxy section */
		B592A8AC1AF990210014FC4C /* PBXContainerItemProxy */ = {
			isa = PBXContainerItemProxy;
			containerPortal = B592A8771AF990210014FC4C /* Project object */;
			proxyType = 1;
			remoteGlobalIDString = B592A87E1AF990210014FC4C;
			remoteInfo = Try_GoDownLayer;
		};
/* End PBXContainerItemProxy section */

/* Begin PBXFileReference section */
		B592A87F1AF990210014FC4C /* Try_GoDownLayer.app */ = {isa = PBXFileReference; explicitFileType = wrapper.application; includeInIndex = 0; path = Try_GoDownLayer.app; sourceTree = BUILT_PRODUCTS_DIR; };
		B592A8821AF990210014FC4C /* Foundation.framework */ = {isa = PBXFileReference; lastKnownFileType = wrapper.framework; name = Foundation.framework; path = System/Library/Frameworks/Foundation.framework; sourceTree = SDKROOT; };
		B592A8841AF990210014FC4C /* CoreGraphics.framework */ = {isa = PBXFileReference; lastKnownFileType = wrapper.framework; name = CoreGraphics.framework; path = System/Library/Frameworks/CoreGraphics.framework; sourceTree = SDKROOT; };
		B592A8861AF990210014FC4C /* UIKit.framework */ = {isa = PBXFileReference; lastKnownFileType = wrapper.framework; name = UIKit.framework; path = System/Library/Frameworks/UIKit.framework; sourceTree = SDKROOT; };
		B592A8881AF990210014FC4C /* SpriteKit.framework */ = {isa = PBXFileReference; lastKnownFileType = wrapper.framework; name = SpriteKit.framework; path = System/Library/Frameworks/SpriteKit.framework; sourceTree = SDKROOT; };
		B592A88C1AF990210014FC4C /* Try_GoDownLayer-Info.plist */ = {isa = PBXFileReference; lastKnownFileType = text.plist.xml; path = "Try_GoDownLayer-Info.plist"; sourceTree = "<group>"; };
		B592A88E1AF990210014FC4C /* en */ = {isa = PBXFileReference; lastKnownFileType = text.plist.strings; name = en; path = en.lproj/InfoPlist.strings; sourceTree = "<group>"; };
		B592A8901AF990210014FC4C /* main.m */ = {isa = PBXFileReference; lastKnownFileType = sourcecode.c.objc; path = main.m; sourceTree = "<group>"; };
		B592A8921AF990210014FC4C /* Try_GoDownLayer-Prefix.pch */ = {isa = PBXFileReference; lastKnownFileType = sourcecode.c.h; path = "Try_GoDownLayer-Prefix.pch"; sourceTree = "<group>"; };
		B592A8931AF990210014FC4C /* AppDelegate.h */ = {isa = PBXFileReference; lastKnownFileType = sourcecode.c.h; path = AppDelegate.h; sourceTree = "<group>"; };
		B592A8941AF990210014FC4C /* AppDelegate.m */ = {isa = PBXFileReference; lastKnownFileType = sourcecode.c.objc; path = AppDelegate.m; sourceTree = "<group>"; };
		B592A8971AF990210014FC4C /* Base */ = {isa = PBXFileReference; lastKnownFileType = file.storyboard; name = Base; path = Base.lproj/Main.storyboard; sourceTree = "<group>"; };
		B592A8991AF990210014FC4C /* ViewController.h */ = {isa = PBXFileReference; lastKnownFileType = sourcecode.c.h; path = ViewController.h; sourceTree = "<group>"; };
		B592A89A1AF990210014FC4C /* ViewController.m */ = {isa = PBXFileReference; lastKnownFileType = sourcecode.c.objc; path = ViewController.m; sourceTree = "<group>"; };
		B592A89C1AF990210014FC4C /* MyScene.h */ = {isa = PBXFileReference; lastKnownFileType = sourcecode.c.h; path = MyScene.h; sourceTree = "<group>"; };
		B592A89D1AF990210014FC4C /* MyScene.m */ = {isa = PBXFileReference; lastKnownFileType = sourcecode.c.objc; path = MyScene.m; sourceTree = "<group>"; };
		B592A89F1AF990210014FC4C /* Spaceship.png */ = {isa = PBXFileReference; lastKnownFileType = image.png; path = Spaceship.png; sourceTree = "<group>"; };
		B592A8A11AF990210014FC4C /* Images.xcassets */ = {isa = PBXFileReference; lastKnownFileType = folder.assetcatalog; path = Images.xcassets; sourceTree = "<group>"; };
		B592A8A71AF990210014FC4C /* Try_GoDownLayerTests.xctest */ = {isa = PBXFileReference; explicitFileType = wrapper.cfbundle; includeInIndex = 0; path = Try_GoDownLayerTests.xctest; sourceTree = BUILT_PRODUCTS_DIR; };
		B592A8A81AF990210014FC4C /* XCTest.framework */ = {isa = PBXFileReference; lastKnownFileType = wrapper.framework; name = XCTest.framework; path = Library/Frameworks/XCTest.framework; sourceTree = DEVELOPER_DIR; };
		B592A8B01AF990210014FC4C /* Try_GoDownLayerTests-Info.plist */ = {isa = PBXFileReference; lastKnownFileType = text.plist.xml; path = "Try_GoDownLayerTests-Info.plist"; sourceTree = "<group>"; };
		B592A8B21AF990210014FC4C /* en */ = {isa = PBXFileReference; lastKnownFileType = text.plist.strings; name = en; path = en.lproj/InfoPlist.strings; sourceTree = "<group>"; };
		B592A8B41AF990210014FC4C /* Try_GoDownLayerTests.m */ = {isa = PBXFileReference; lastKnownFileType = sourcecode.c.objc; path = Try_GoDownLayerTests.m; sourceTree = "<group>"; };
/* End PBXFileReference section */

/* Begin PBXFrameworksBuildPhase section */
		B592A87C1AF990210014FC4C /* Frameworks */ = {
			isa = PBXFrameworksBuildPhase;
			buildActionMask = 2147483647;
			files = (
				B592A8851AF990210014FC4C /* CoreGraphics.framework in Frameworks */,
				B592A8871AF990210014FC4C /* UIKit.framework in Frameworks */,
				B592A8891AF990210014FC4C /* SpriteKit.framework in Frameworks */,
				B592A8831AF990210014FC4C /* Foundation.framework in Frameworks */,
			);
			runOnlyForDeploymentPostprocessing = 0;
		};
		B592A8A41AF990210014FC4C /* Frameworks */ = {
			isa = PBXFrameworksBuildPhase;
			buildActionMask = 2147483647;
			files = (
				B592A8A91AF990210014FC4C /* XCTest.framework in Frameworks */,
				B592A8AB1AF990210014FC4C /* UIKit.framework in Frameworks */,
				B592A8AA1AF990210014FC4C /* Foundation.framework in Frameworks */,
			);
			runOnlyForDeploymentPostprocessing = 0;
		};
/* End PBXFrameworksBuildPhase section */

/* Begin PBXGroup section */
		B592A8761AF990210014FC4C = {
			isa = PBXGroup;
			children = (
				B592A88A1AF990210014FC4C /* Try_GoDownLayer */,
				B592A8AE1AF990210014FC4C /* Try_GoDownLayerTests */,
				B592A8811AF990210014FC4C /* Frameworks */,
				B592A8801AF990210014FC4C /* Products */,
			);
			sourceTree = "<group>";
		};
		B592A8801AF990210014FC4C /* Products */ = {
			isa = PBXGroup;
			children = (
				B592A87F1AF990210014FC4C /* Try_GoDownLayer.app */,
				B592A8A71AF990210014FC4C /* Try_GoDownLayerTests.xctest */,
			);
			name = Products;
			sourceTree = "<group>";
		};
		B592A8811AF990210014FC4C /* Frameworks */ = {
			isa = PBXGroup;
			children = (
				B592A8821AF990210014FC4C /* Foundation.framework */,
				B592A8841AF990210014FC4C /* CoreGraphics.framework */,
				B592A8861AF990210014FC4C /* UIKit.framework */,
				B592A8881AF990210014FC4C /* SpriteKit.framework */,
				B592A8A81AF990210014FC4C /* XCTest.framework */,
			);
			name = Frameworks;
			sourceTree = "<group>";
		};
		B592A88A1AF990210014FC4C /* Try_GoDownLayer */ = {
			isa = PBXGroup;
			children = (
				B592A8931AF990210014FC4C /* AppDelegate.h */,
				B592A8941AF990210014FC4C /* AppDelegate.m */,
				B592A8961AF990210014FC4C /* Main.storyboard */,
				B592A8991AF990210014FC4C /* ViewController.h */,
				B592A89A1AF990210014FC4C /* ViewController.m */,
				B592A89C1AF990210014FC4C /* MyScene.h */,
				B592A89D1AF990210014FC4C /* MyScene.m */,
				B592A89F1AF990210014FC4C /* Spaceship.png */,
				B592A8A11AF990210014FC4C /* Images.xcassets */,
				B592A88B1AF990210014FC4C /* Supporting Files */,
			);
			path = Try_GoDownLayer;
			sourceTree = "<group>";
		};
		B592A88B1AF990210014FC4C /* Supporting Files */ = {
			isa = PBXGroup;
			children = (
				B592A88C1AF990210014FC4C /* Try_GoDownLayer-Info.plist */,
				B592A88D1AF990210014FC4C /* InfoPlist.strings */,
				B592A8901AF990210014FC4C /* main.m */,
				B592A8921AF990210014FC4C /* Try_GoDownLayer-Prefix.pch */,
			);
			name = "Supporting Files";
			sourceTree = "<group>";
		};
		B592A8AE1AF990210014FC4C /* Try_GoDownLayerTests */ = {
			isa = PBXGroup;
			children = (
				B592A8B41AF990210014FC4C /* Try_GoDownLayerTests.m */,
				B592A8AF1AF990210014FC4C /* Supporting Files */,
			);
			path = Try_GoDownLayerTests;
			sourceTree = "<group>";
		};
		B592A8AF1AF990210014FC4C /* Supporting Files */ = {
			isa = PBXGroup;
			children = (
				B592A8B01AF990210014FC4C /* Try_GoDownLayerTests-Info.plist */,
				B592A8B11AF990210014FC4C /* InfoPlist.strings */,
			);
			name = "Supporting Files";
			sourceTree = "<group>";
		};
/* End PBXGroup section */

/* Begin PBXNativeTarget section */
		B592A87E1AF990210014FC4C /* Try_GoDownLayer */ = {
			isa = PBXNativeTarget;
			buildConfigurationList = B592A8B81AF990210014FC4C /* Build configuration list for PBXNativeTarget "Try_GoDownLayer" */;
			buildPhases = (
				B592A87B1AF990210014FC4C /* Sources */,
				B592A87C1AF990210014FC4C /* Frameworks */,
				B592A87D1AF990210014FC4C /* Resources */,
			);
			buildRules = (
			);
			dependencies = (
			);
			name = Try_GoDownLayer;
			productName = Try_GoDownLayer;
			productReference = B592A87F1AF990210014FC4C /* Try_GoDownLayer.app */;
			productType = "com.apple.product-type.application";
		};
		B592A8A61AF990210014FC4C /* Try_GoDownLayerTests */ = {
			isa = PBXNativeTarget;
			buildConfigurationList = B592A8BB1AF990210014FC4C /* Build configuration list for PBXNativeTarget "Try_GoDownLayerTests" */;
			buildPhases = (
				B592A8A31AF990210014FC4C /* Sources */,
				B592A8A41AF990210014FC4C /* Frameworks */,
				B592A8A51AF990210014FC4C /* Resources */,
			);
			buildRules = (
			);
			dependencies = (
				B592A8AD1AF990210014FC4C /* PBXTargetDependency */,
			);
			name = Try_GoDownLayerTests;
			productName = Try_GoDownLayerTests;
			productReference = B592A8A71AF990210014FC4C /* Try_GoDownLayerTests.xctest */;
			productType = "com.apple.product-type.bundle.unit-test";
		};
/* End PBXNativeTarget section */

/* Begin PBXProject section */
		B592A8771AF990210014FC4C /* Project object */ = {
			isa = PBXProject;
			attributes = {
				LastUpgradeCheck = 0510;
				ORGANIZATIONNAME = "___FULLUSERNAME___";
				TargetAttributes = {
					B592A8A61AF990210014FC4C = {
						TestTargetID = B592A87E1AF990210014FC4C;
					};
				};
			};
			buildConfigurationList = B592A87A1AF990210014FC4C /* Build configuration list for PBXProject "Try_GoDownLayer" */;
			compatibilityVersion = "Xcode 3.2";
			developmentRegion = English;
			hasScannedForEncodings = 0;
			knownRegions = (
				en,
				Base,
			);
			mainGroup = B592A8761AF990210014FC4C;
			productRefGroup = B592A8801AF990210014FC4C /* Products */;
			projectDirPath = "";
			projectRoot = "";
			targets = (
				B592A87E1AF990210014FC4C /* Try_GoDownLayer */,
				B592A8A61AF990210014FC4C /* Try_GoDownLayerTests */,
			);
		};
/* End PBXProject section */

/* Begin PBXResourcesBuildPhase section */
		B592A87D1AF990210014FC4C /* Resources */ = {
			isa = PBXResourcesBuildPhase;
			buildActionMask = 2147483647;
			files = (
				B592A88F1AF990210014FC4C /* InfoPlist.strings in Resources */,
				B592A8A21AF990210014FC4C /* Images.xcassets in Resources */,
				B592A8A01AF990210014FC4C /* Spaceship.png in Resources */,
				B592A8981AF990210014FC4C /* Main.storyboard in Resources */,
			);
			runOnlyForDeploymentPostprocessing = 0;
		};
		B592A8A51AF990210014FC4C /* Resources */ = {
			isa = PBXResourcesBuildPhase;
			buildActionMask = 2147483647;
			files = (
				B592A8B31AF990210014FC4C /* InfoPlist.strings in Resources */,
			);
			runOnlyForDeploymentPostprocessing = 0;
		};
/* End PBXResourcesBuildPhase section */

/* Begin PBXSourcesBuildPhase section */
		B592A87B1AF990210014FC4C /* Sources */ = {
			isa = PBXSourcesBuildPhase;
			buildActionMask = 2147483647;
			files = (
				B592A89E1AF990210014FC4C /* MyScene.m in Sources */,
				B592A89B1AF990210014FC4C /* ViewController.m in Sources */,
				B592A8951AF990210014FC4C /* AppDelegate.m in Sources */,
				B592A8911AF990210014FC4C /* main.m in Sources */,
			);
			runOnlyForDeploymentPostprocessing = 0;
		};
		B592A8A31AF990210014FC4C /* Sources */ = {
			isa = PBXSourcesBuildPhase;
			buildActionMask = 2147483647;
			files = (
				B592A8B51AF990210014FC4C /* Try_GoDownLayerTests.m in Sources */,
			);
			runOnlyForDeploymentPostprocessing = 0;
		};
/* End PBXSourcesBuildPhase section */

/* Begin PBXTargetDependency section */
		B592A8AD1AF990210014FC4C /* PBXTargetDependency */ = {
			isa = PBXTargetDependency;
			target = B592A87E1AF990210014FC4C /* Try_GoDownLayer */;
			targetProxy = B592A8AC1AF990210014FC4C /* PBXContainerItemProxy */;
		};
/* End PBXTargetDependency section */

/* Begin PBXVariantGroup section */
		B592A88D1AF990210014FC4C /* InfoPlist.strings */ = {
			isa = PBXVariantGroup;
			children = (
				B592A88E1AF990210014FC4C /* en */,
			);
			name = InfoPlist.strings;
			sourceTree = "<group>";
		};
		B592A8961AF990210014FC4C /* Main.storyboard */ = {
			isa = PBXVariantGroup;
			children = (
				B592A8971AF990210014FC4C /* Base */,
			);
			name = Main.storyboard;
			sourceTree = "<group>";
		};
		B592A8B11AF990210014FC4C /* InfoPlist.strings */ = {
			isa = PBXVariantGroup;
			children = (
				B592A8B21AF990210014FC4C /* en */,
			);
			name = InfoPlist.strings;
			sourceTree = "<group>";
		};
/* End PBXVariantGroup section */

/* Begin XCBuildConfiguration section */
		B592A8B61AF990210014FC4C /* Debug */ = {
			isa = XCBuildConfiguration;
			buildSettings = {
				ALWAYS_SEARCH_USER_PATHS = NO;
				CLANG_CXX_LANGUAGE_STANDARD = "gnu++0x";
				CLANG_CXX_LIBRARY = "libc++";
				CLANG_ENABLE_MODULES = YES;
				CLANG_ENABLE_OBJC_ARC = YES;
				CLANG_WARN_BOOL_CONVERSION = YES;
				CLANG_WARN_CONSTANT_CONVERSION = YES;
				CLANG_WARN_DIRECT_OBJC_ISA_USAGE = YES_ERROR;
				CLANG_WARN_EMPTY_BODY = YES;
				CLANG_WARN_ENUM_CONVERSION = YES;
				CLANG_WARN_INT_CONVERSION = YES;
				CLANG_WARN_OBJC_ROOT_CLASS = YES_ERROR;
				CLANG_WARN__DUPLICATE_METHOD_MATCH = YES;
				"CODE_SIGN_IDENTITY[sdk=iphoneos*]" = "iPhone Developer";
				COPY_PHASE_STRIP = NO;
				GCC_C_LANGUAGE_STANDARD = gnu99;
				GCC_DYNAMIC_NO_PIC = NO;
				GCC_OPTIMIZATION_LEVEL = 0;
				GCC_PREPROCESSOR_DEFINITIONS = (
					"DEBUG=1",
					"$(inherited)",
				);
				GCC_SYMBOLS_PRIVATE_EXTERN = NO;
				GCC_WARN_64_TO_32_BIT_CONVERSION = YES;
				GCC_WARN_ABOUT_RETURN_TYPE = YES_ERROR;
				GCC_WARN_UNDECLARED_SELECTOR = YES;
				GCC_WARN_UNINITIALIZED_AUTOS = YES_AGGRESSIVE;
				GCC_WARN_UNUSED_FUNCTION = YES;
				GCC_WARN_UNUSED_VARIABLE = YES;
				IPHONEOS_DEPLOYMENT_TARGET = 7.1;
				ONLY_ACTIVE_ARCH = YES;
				SDKROOT = iphoneos;
			};
			name = Debug;
		};
		B592A8B71AF990210014FC4C /* Release */ = {
			isa = XCBuildConfiguration;
			buildSettings = {
				ALWAYS_SEARCH_USER_PATHS = NO;
				CLANG_CXX_LANGUAGE_STANDARD = "gnu++0x";
				CLANG_CXX_LIBRARY = "libc++";
				CLANG_ENABLE_MODULES = YES;
				CLANG_ENABLE_OBJC_ARC = YES;
				CLANG_WARN_BOOL_CONVERSION = YES;
				CLANG_WARN_CONSTANT_CONVERSION = YES;
				CLANG_WARN_DIRECT_OBJC_ISA_USAGE = YES_ERROR;
				CLANG_WARN_EMPTY_BODY = YES;
				CLANG_WARN_ENUM_CONVERSION = YES;
				CLANG_WARN_INT_CONVERSION = YES;
				CLANG_WARN_OBJC_ROOT_CLASS = YES_ERROR;
				CLANG_WARN__DUPLICATE_METHOD_MATCH = YES;
				"CODE_SIGN_IDENTITY[sdk=iphoneos*]" = "iPhone Developer";
				COPY_PHASE_STRIP = YES;
				ENABLE_NS_ASSERTIONS = NO;
				GCC_C_LANGUAGE_STANDARD = gnu99;
				GCC_WARN_64_TO_32_BIT_CONVERSION = YES;
				GCC_WARN_ABOUT_RETURN_TYPE = YES_ERROR;
				GCC_WARN_UNDECLARED_SELECTOR = YES;
				GCC_WARN_UNINITIALIZED_AUTOS = YES_AGGRESSIVE;
				GCC_WARN_UNUSED_FUNCTION = YES;
				GCC_WARN_UNUSED_VARIABLE = YES;
				IPHONEOS_DEPLOYMENT_TARGET = 7.1;
				SDKROOT = iphoneos;
				VALIDATE_PRODUCT = YES;
			};
			name = Release;
		};
		B592A8B91AF990210014FC4C /* Debug */ = {
			isa = XCBuildConfiguration;
			buildSettings = {
				ASSETCATALOG_COMPILER_APPICON_NAME = AppIcon;
				ASSETCATALOG_COMPILER_LAUNCHIMAGE_NAME = LaunchImage;
				GCC_PRECOMPILE_PREFIX_HEADER = YES;
				GCC_PREFIX_HEADER = "Try_GoDownLayer/Try_GoDownLayer-Prefix.pch";
				INFOPLIST_FILE = "Try_GoDownLayer/Try_GoDownLayer-Info.plist";
				PRODUCT_NAME = "$(TARGET_NAME)";
				SPRITEKIT_TEXTURE_ATLAS_OUTPUT = YES;
				WRAPPER_EXTENSION = app;
			};
			name = Debug;
		};
		B592A8BA1AF990210014FC4C /* Release */ = {
			isa = XCBuildConfiguration;
			buildSettings = {
				ASSETCATALOG_COMPILER_APPICON_NAME = AppIcon;
				ASSETCATALOG_COMPILER_LAUNCHIMAGE_NAME = LaunchImage;
				GCC_PRECOMPILE_PREFIX_HEADER = YES;
				GCC_PREFIX_HEADER = "Try_GoDownLayer/Try_GoDownLayer-Prefix.pch";
				INFOPLIST_FILE = "Try_GoDownLayer/Try_GoDownLayer-Info.plist";
				PRODUCT_NAME = "$(TARGET_NAME)";
				SPRITEKIT_TEXTURE_ATLAS_OUTPUT = YES;
				WRAPPER_EXTENSION = app;
			};
			name = Release;
		};
		B592A8BC1AF990210014FC4C /* Debug */ = {
			isa = XCBuildConfiguration;
			buildSettings = {
				BUNDLE_LOADER = "$(BUILT_PRODUCTS_DIR)/Try_GoDownLayer.app/Try_GoDownLayer";
				FRAMEWORK_SEARCH_PATHS = (
					"$(SDKROOT)/Developer/Library/Frameworks",
					"$(inherited)",
					"$(DEVELOPER_FRAMEWORKS_DIR)",
				);
				GCC_PRECOMPILE_PREFIX_HEADER = YES;
				GCC_PREFIX_HEADER = "Try_GoDownLayer/Try_GoDownLayer-Prefix.pch";
				GCC_PREPROCESSOR_DEFINITIONS = (
					"DEBUG=1",
					"$(inherited)",
				);
				INFOPLIST_FILE = "Try_GoDownLayerTests/Try_GoDownLayerTests-Info.plist";
				PRODUCT_NAME = "$(TARGET_NAME)";
				TEST_HOST = "$(BUNDLE_LOADER)";
				WRAPPER_EXTENSION = xctest;
			};
			name = Debug;
		};
		B592A8BD1AF990210014FC4C /* Release */ = {
			isa = XCBuildConfiguration;
			buildSettings = {
				BUNDLE_LOADER = "$(BUILT_PRODUCTS_DIR)/Try_GoDownLayer.app/Try_GoDownLayer";
				FRAMEWORK_SEARCH_PATHS = (
					"$(SDKROOT)/Developer/Library/Frameworks",
					"$(inherited)",
					"$(DEVELOPER_FRAMEWORKS_DIR)",
				);
				GCC_PRECOMPILE_PREFIX_HEADER = YES;
				GCC_PREFIX_HEADER = "Try_GoDownLayer/Try_GoDownLayer-Prefix.pch";
				INFOPLIST_FILE = "Try_GoDownLayerTests/Try_GoDownLayerTests-Info.plist";
				PRODUCT_NAME = "$(TARGET_NAME)";
				TEST_HOST = "$(BUNDLE_LOADER)";
				WRAPPER_EXTENSION = xctest;
			};
			name = Release;
		};
/* End XCBuildConfiguration section */

/* Begin XCConfigurationList section */
		B592A87A1AF990210014FC4C /* Build configuration list for PBXProject "Try_GoDownLayer" */ = {
			isa = XCConfigurationList;
			buildConfigurations = (
				B592A8B61AF990210014FC4C /* Debug */,
				B592A8B71AF990210014FC4C /* Release */,
			);
			defaultConfigurationIsVisible = 0;
			defaultConfigurationName = Release;
		};
		B592A8B81AF990210014FC4C /* Build configuration list for PBXNativeTarget "Try_GoDownLayer" */ = {
			isa = XCConfigurationList;
			buildConfigurations = (
				B592A8B91AF990210014FC4C /* Debug */,
				B592A8BA1AF990210014FC4C /* Release */,
			);
			defaultConfigurationIsVisible = 0;
		};
		B592A8BB1AF990210014FC4C /* Build configuration list for PBXNativeTarget "Try_GoDownLayerTests" */ = {
			isa = XCConfigurationList;
			buildConfigurations = (
				B592A8BC1AF990210014FC4C /* Debug */,
				B592A8BD1AF990210014FC4C /* Release */,
			);
			defaultConfigurationIsVisible = 0;
		};
/* End XCConfigurationList section */
	};
	rootObject = B592A8771AF990210014FC4C /* Project object */;
}
